// !$*UTF8*$!
{
	archiveVersion = 1;
	classes = {
	};
	objectVersion = 50;
	objects = {

/* Begin PBXBuildFile section */
		4E190EA724E3BF57008FC47E /* StartViewController.swift in Sources */ = {isa = PBXBuildFile; fileRef = 4E190EA624E3BF57008FC47E /* StartViewController.swift */; };
		4E20D14924E2B60E00BB8B80 /* TransitioningDelegate.swift in Sources */ = {isa = PBXBuildFile; fileRef = 4E20D14824E2B60E00BB8B80 /* TransitioningDelegate.swift */; };
		4E20D14B24E2B63200BB8B80 /* PresentationController.swift in Sources */ = {isa = PBXBuildFile; fileRef = 4E20D14A24E2B63200BB8B80 /* PresentationController.swift */; };
		4E20D14D24E2B6EF00BB8B80 /* PullDownAnimationController.swift in Sources */ = {isa = PBXBuildFile; fileRef = 4E20D14C24E2B6EF00BB8B80 /* PullDownAnimationController.swift */; };
		4E20D15524E32E8B00BB8B80 /* PullUpAnimatable.swift in Sources */ = {isa = PBXBuildFile; fileRef = 4E20D15424E32E8B00BB8B80 /* PullUpAnimatable.swift */; };
		4E21CCB824E3CD9F0095D573 /* UIGesture+Extension.swift in Sources */ = {isa = PBXBuildFile; fileRef = 4E21CCB724E3CD9F0095D573 /* UIGesture+Extension.swift */; };
		4E2A604A24E4A8B500F53063 /* PullDownAnimatable.swift in Sources */ = {isa = PBXBuildFile; fileRef = 4E2A604924E4A8B500F53063 /* PullDownAnimatable.swift */; };
		4E3FBB0624DD6FE400BD9AD3 /* AppDelegate.swift in Sources */ = {isa = PBXBuildFile; fileRef = 4E3FBB0524DD6FE400BD9AD3 /* AppDelegate.swift */; };
		4E3FBB0A24DD6FE400BD9AD3 /* ViewController.swift in Sources */ = {isa = PBXBuildFile; fileRef = 4E3FBB0924DD6FE400BD9AD3 /* ViewController.swift */; };
		4E3FBB0D24DD6FE400BD9AD3 /* Main.storyboard in Resources */ = {isa = PBXBuildFile; fileRef = 4E3FBB0B24DD6FE400BD9AD3 /* Main.storyboard */; };
		4E3FBB0F24DD6FE600BD9AD3 /* Assets.xcassets in Resources */ = {isa = PBXBuildFile; fileRef = 4E3FBB0E24DD6FE600BD9AD3 /* Assets.xcassets */; };
		4E3FBB1224DD6FE600BD9AD3 /* LaunchScreen.storyboard in Resources */ = {isa = PBXBuildFile; fileRef = 4E3FBB1024DD6FE600BD9AD3 /* LaunchScreen.storyboard */; };
		4E3FBB1A24DD747800BD9AD3 /* SecondViewController.swift in Sources */ = {isa = PBXBuildFile; fileRef = 4E3FBB1924DD747800BD9AD3 /* SecondViewController.swift */; };
		4E3FBB2324DDB47900BD9AD3 /* SceneDelegate.swift in Sources */ = {isa = PBXBuildFile; fileRef = 4E3FBB2224DDB47900BD9AD3 /* SceneDelegate.swift */; };
/* End PBXBuildFile section */

/* Begin PBXFileReference section */
		4E190EA624E3BF57008FC47E /* StartViewController.swift */ = {isa = PBXFileReference; lastKnownFileType = sourcecode.swift; path = StartViewController.swift; sourceTree = "<group>"; };
		4E20D14824E2B60E00BB8B80 /* TransitioningDelegate.swift */ = {isa = PBXFileReference; lastKnownFileType = sourcecode.swift; path = TransitioningDelegate.swift; sourceTree = "<group>"; };
		4E20D14A24E2B63200BB8B80 /* PresentationController.swift */ = {isa = PBXFileReference; lastKnownFileType = sourcecode.swift; path = PresentationController.swift; sourceTree = "<group>"; };
		4E20D14C24E2B6EF00BB8B80 /* PullDownAnimationController.swift */ = {isa = PBXFileReference; lastKnownFileType = sourcecode.swift; path = PullDownAnimationController.swift; sourceTree = "<group>"; };
		4E20D15424E32E8B00BB8B80 /* PullUpAnimatable.swift */ = {isa = PBXFileReference; lastKnownFileType = sourcecode.swift; path = PullUpAnimatable.swift; sourceTree = "<group>"; };
		4E21CCB724E3CD9F0095D573 /* UIGesture+Extension.swift */ = {isa = PBXFileReference; lastKnownFileType = sourcecode.swift; path = "UIGesture+Extension.swift"; sourceTree = "<group>"; };
		4E2A604924E4A8B500F53063 /* PullDownAnimatable.swift */ = {isa = PBXFileReference; lastKnownFileType = sourcecode.swift; path = PullDownAnimatable.swift; sourceTree = "<group>"; };
		4E3FBB0224DD6FE400BD9AD3 /* TempAnimation.app */ = {isa = PBXFileReference; explicitFileType = wrapper.application; includeInIndex = 0; path = TempAnimation.app; sourceTree = BUILT_PRODUCTS_DIR; };
		4E3FBB0524DD6FE400BD9AD3 /* AppDelegate.swift */ = {isa = PBXFileReference; lastKnownFileType = sourcecode.swift; path = AppDelegate.swift; sourceTree = "<group>"; };
		4E3FBB0924DD6FE400BD9AD3 /* ViewController.swift */ = {isa = PBXFileReference; lastKnownFileType = sourcecode.swift; path = ViewController.swift; sourceTree = "<group>"; };
		4E3FBB0C24DD6FE400BD9AD3 /* Base */ = {isa = PBXFileReference; lastKnownFileType = file.storyboard; name = Base; path = Base.lproj/Main.storyboard; sourceTree = "<group>"; };
		4E3FBB0E24DD6FE600BD9AD3 /* Assets.xcassets */ = {isa = PBXFileReference; lastKnownFileType = folder.assetcatalog; path = Assets.xcassets; sourceTree = "<group>"; };
		4E3FBB1124DD6FE600BD9AD3 /* Base */ = {isa = PBXFileReference; lastKnownFileType = file.storyboard; name = Base; path = Base.lproj/LaunchScreen.storyboard; sourceTree = "<group>"; };
		4E3FBB1324DD6FE600BD9AD3 /* Info.plist */ = {isa = PBXFileReference; lastKnownFileType = text.plist.xml; path = Info.plist; sourceTree = "<group>"; };
		4E3FBB1924DD747800BD9AD3 /* SecondViewController.swift */ = {isa = PBXFileReference; lastKnownFileType = sourcecode.swift; path = SecondViewController.swift; sourceTree = "<group>"; };
		4E3FBB2224DDB47900BD9AD3 /* SceneDelegate.swift */ = {isa = PBXFileReference; lastKnownFileType = sourcecode.swift; path = SceneDelegate.swift; sourceTree = "<group>"; };
/* End PBXFileReference section */

/* Begin PBXFrameworksBuildPhase section */
		4E3FBAFF24DD6FE400BD9AD3 /* Frameworks */ = {
			isa = PBXFrameworksBuildPhase;
			buildActionMask = 2147483647;
			files = (
			);
			runOnlyForDeploymentPostprocessing = 0;
		};
/* End PBXFrameworksBuildPhase section */

/* Begin PBXGroup section */
		4E3FBAF924DD6FE400BD9AD3 = {
			isa = PBXGroup;
			children = (
				4E3FBB0424DD6FE400BD9AD3 /* TempAnimation */,
				4E3FBB0324DD6FE400BD9AD3 /* Products */,
			);
			sourceTree = "<group>";
		};
		4E3FBB0324DD6FE400BD9AD3 /* Products */ = {
			isa = PBXGroup;
			children = (
				4E3FBB0224DD6FE400BD9AD3 /* TempAnimation.app */,
			);
			name = Products;
			sourceTree = "<group>";
		};
		4E3FBB0424DD6FE400BD9AD3 /* TempAnimation */ = {
			isa = PBXGroup;
			children = (
				4E3FBB0524DD6FE400BD9AD3 /* AppDelegate.swift */,
				4E3FBB2224DDB47900BD9AD3 /* SceneDelegate.swift */,
				4E190EA624E3BF57008FC47E /* StartViewController.swift */,
				4E3FBB0924DD6FE400BD9AD3 /* ViewController.swift */,
				4E3FBB1924DD747800BD9AD3 /* SecondViewController.swift */,
				4E3FBB0B24DD6FE400BD9AD3 /* Main.storyboard */,
				4E3FBB0E24DD6FE600BD9AD3 /* Assets.xcassets */,
				4E3FBB1024DD6FE600BD9AD3 /* LaunchScreen.storyboard */,
				4E3FBB1324DD6FE600BD9AD3 /* Info.plist */,
				4E20D14824E2B60E00BB8B80 /* TransitioningDelegate.swift */,
				4E20D14A24E2B63200BB8B80 /* PresentationController.swift */,
				4E20D14C24E2B6EF00BB8B80 /* PullDownAnimationController.swift */,
				4E20D15424E32E8B00BB8B80 /* PullUpAnimatable.swift */,
				4E2A604924E4A8B500F53063 /* PullDownAnimatable.swift */,
				4E21CCB724E3CD9F0095D573 /* UIGesture+Extension.swift */,
			);
			path = TempAnimation;
			sourceTree = "<group>";
		};
/* End PBXGroup section */

/* Begin PBXNativeTarget section */
		4E3FBB0124DD6FE400BD9AD3 /* TempAnimation */ = {
			isa = PBXNativeTarget;
			buildConfigurationList = 4E3FBB1624DD6FE600BD9AD3 /* Build configuration list for PBXNativeTarget "TempAnimation" */;
			buildPhases = (
				4E3FBAFE24DD6FE400BD9AD3 /* Sources */,
				4E3FBAFF24DD6FE400BD9AD3 /* Frameworks */,
				4E3FBB0024DD6FE400BD9AD3 /* Resources */,
			);
			buildRules = (
			);
			dependencies = (
			);
			name = TempAnimation;
			productName = TempAnimation;
			productReference = 4E3FBB0224DD6FE400BD9AD3 /* TempAnimation.app */;
			productType = "com.apple.product-type.application";
		};
/* End PBXNativeTarget section */

/* Begin PBXProject section */
		4E3FBAFA24DD6FE400BD9AD3 /* Project object */ = {
			isa = PBXProject;
			attributes = {
				LastSwiftUpdateCheck = 1130;
				LastUpgradeCheck = 1130;
				ORGANIZATIONNAME = Andrey;
				TargetAttributes = {
					4E3FBB0124DD6FE400BD9AD3 = {
						CreatedOnToolsVersion = 11.3.1;
					};
				};
			};
			buildConfigurationList = 4E3FBAFD24DD6FE400BD9AD3 /* Build configuration list for PBXProject "TempAnimation" */;
			compatibilityVersion = "Xcode 9.3";
			developmentRegion = en;
			hasScannedForEncodings = 0;
			knownRegions = (
				en,
				Base,
			);
			mainGroup = 4E3FBAF924DD6FE400BD9AD3;
			productRefGroup = 4E3FBB0324DD6FE400BD9AD3 /* Products */;
			projectDirPath = "";
			projectRoot = "";
			targets = (
				4E3FBB0124DD6FE400BD9AD3 /* TempAnimation */,
			);
		};
/* End PBXProject section */

/* Begin PBXResourcesBuildPhase section */
		4E3FBB0024DD6FE400BD9AD3 /* Resources */ = {
			isa = PBXResourcesBuildPhase;
			buildActionMask = 2147483647;
			files = (
				4E3FBB1224DD6FE600BD9AD3 /* LaunchScreen.storyboard in Resources */,
				4E3FBB0F24DD6FE600BD9AD3 /* Assets.xcassets in Resources */,
				4E3FBB0D24DD6FE400BD9AD3 /* Main.storyboard in Resources */,
			);
			runOnlyForDeploymentPostprocessing = 0;
		};
/* End PBXResourcesBuildPhase section */

/* Begin PBXSourcesBuildPhase section */
		4E3FBAFE24DD6FE400BD9AD3 /* Sources */ = {
			isa = PBXSourcesBuildPhase;
			buildActionMask = 2147483647;
			files = (
				4E21CCB824E3CD9F0095D573 /* UIGesture+Extension.swift in Sources */,
				4E3FBB0A24DD6FE400BD9AD3 /* ViewController.swift in Sources */,
				4E190EA724E3BF57008FC47E /* StartViewController.swift in Sources */,
				4E3FBB2324DDB47900BD9AD3 /* SceneDelegate.swift in Sources */,
				4E20D15524E32E8B00BB8B80 /* PullUpAnimatable.swift in Sources */,
				4E20D14924E2B60E00BB8B80 /* TransitioningDelegate.swift in Sources */,
				4E2A604A24E4A8B500F53063 /* PullDownAnimatable.swift in Sources */,
				4E20D14D24E2B6EF00BB8B80 /* PullDownAnimationController.swift in Sources */,
				4E3FBB1A24DD747800BD9AD3 /* SecondViewController.swift in Sources */,
				4E3FBB0624DD6FE400BD9AD3 /* AppDelegate.swift in Sources */,
				4E20D14B24E2B63200BB8B80 /* PresentationController.swift in Sources */,
			);
			runOnlyForDeploymentPostprocessing = 0;
		};
/* End PBXSourcesBuildPhase section */

/* Begin PBXVariantGroup section */
		4E3FBB0B24DD6FE400BD9AD3 /* Main.storyboard */ = {
			isa = PBXVariantGroup;
			children = (
				4E3FBB0C24DD6FE400BD9AD3 /* Base */,
			);
			name = Main.storyboard;
			sourceTree = "<group>";
		};
		4E3FBB1024DD6FE600BD9AD3 /* LaunchScreen.storyboard */ = {
			isa = PBXVariantGroup;
			children = (
				4E3FBB1124DD6FE600BD9AD3 /* Base */,
			);
			name = LaunchScreen.storyboard;
			sourceTree = "<group>";
		};
/* End PBXVariantGroup section */

/* Begin XCBuildConfiguration section */
		4E3FBB1424DD6FE600BD9AD3 /* Debug */ = {
			isa = XCBuildConfiguration;
			buildSettings = {
				ALWAYS_SEARCH_USER_PATHS = NO;
				CLANG_ANALYZER_NONNULL = YES;
				CLANG_ANALYZER_NUMBER_OBJECT_CONVERSION = YES_AGGRESSIVE;
				CLANG_CXX_LANGUAGE_STANDARD = "gnu++14";
				CLANG_CXX_LIBRARY = "libc++";
				CLANG_ENABLE_MODULES = YES;
				CLANG_ENABLE_OBJC_ARC = YES;
				CLANG_ENABLE_OBJC_WEAK = YES;
				CLANG_WARN_BLOCK_CAPTURE_AUTORELEASING = YES;
				CLANG_WARN_BOOL_CONVERSION = YES;
				CLANG_WARN_COMMA = YES;
				CLANG_WARN_CONSTANT_CONVERSION = YES;
				CLANG_WARN_DEPRECATED_OBJC_IMPLEMENTATIONS = YES;
				CLANG_WARN_DIRECT_OBJC_ISA_USAGE = YES_ERROR;
				CLANG_WARN_DOCUMENTATION_COMMENTS = YES;
				CLANG_WARN_EMPTY_BODY = YES;
				CLANG_WARN_ENUM_CONVERSION = YES;
				CLANG_WARN_INFINITE_RECURSION = YES;
				CLANG_WARN_INT_CONVERSION = YES;
				CLANG_WARN_NON_LITERAL_NULL_CONVERSION = YES;
				CLANG_WARN_OBJC_IMPLICIT_RETAIN_SELF = YES;
				CLANG_WARN_OBJC_LITERAL_CONVERSION = YES;
				CLANG_WARN_OBJC_ROOT_CLASS = YES_ERROR;
				CLANG_WARN_RANGE_LOOP_ANALYSIS = YES;
				CLANG_WARN_STRICT_PROTOTYPES = YES;
				CLANG_WARN_SUSPICIOUS_MOVE = YES;
				CLANG_WARN_UNGUARDED_AVAILABILITY = YES_AGGRESSIVE;
				CLANG_WARN_UNREACHABLE_CODE = YES;
				CLANG_WARN__DUPLICATE_METHOD_MATCH = YES;
				COPY_PHASE_STRIP = NO;
				DEBUG_INFORMATION_FORMAT = dwarf;
				ENABLE_STRICT_OBJC_MSGSEND = YES;
				ENABLE_TESTABILITY = YES;
				GCC_C_LANGUAGE_STANDARD = gnu11;
				GCC_DYNAMIC_NO_PIC = NO;
				GCC_NO_COMMON_BLOCKS = YES;
				GCC_OPTIMIZATION_LEVEL = 0;
				GCC_PREPROCESSOR_DEFINITIONS = (
					"DEBUG=1",
					"$(inherited)",
				);
				GCC_WARN_64_TO_32_BIT_CONVERSION = YES;
				GCC_WARN_ABOUT_RETURN_TYPE = YES_ERROR;
				GCC_WARN_UNDECLARED_SELECTOR = YES;
				GCC_WARN_UNINITIALIZED_AUTOS = YES_AGGRESSIVE;
				GCC_WARN_UNUSED_FUNCTION = YES;
				GCC_WARN_UNUSED_VARIABLE = YES;
				IPHONEOS_DEPLOYMENT_TARGET = 13.2;
				MTL_ENABLE_DEBUG_INFO = INCLUDE_SOURCE;
				MTL_FAST_MATH = YES;
				ONLY_ACTIVE_ARCH = YES;
				SDKROOT = iphoneos;
				SWIFT_ACTIVE_COMPILATION_CONDITIONS = DEBUG;
				SWIFT_OPTIMIZATION_LEVEL = "-Onone";
			};
			name = Debug;
		};
		4E3FBB1524DD6FE600BD9AD3 /* Release */ = {
			isa = XCBuildConfiguration;
			buildSettings = {
				ALWAYS_SEARCH_USER_PATHS = NO;
				CLANG_ANALYZER_NONNULL = YES;
				CLANG_ANALYZER_NUMBER_OBJECT_CONVERSION = YES_AGGRESSIVE;
				CLANG_CXX_LANGUAGE_STANDARD = "gnu++14";
				CLANG_CXX_LIBRARY = "libc++";
				CLANG_ENABLE_MODULES = YES;
				CLANG_ENABLE_OBJC_ARC = YES;
				CLANG_ENABLE_OBJC_WEAK = YES;
				CLANG_WARN_BLOCK_CAPTURE_AUTORELEASING = YES;
				CLANG_WARN_BOOL_CONVERSION = YES;
				CLANG_WARN_COMMA = YES;
				CLANG_WARN_CONSTANT_CONVERSION = YES;
				CLANG_WARN_DEPRECATED_OBJC_IMPLEMENTATIONS = YES;
				CLANG_WARN_DIRECT_OBJC_ISA_USAGE = YES_ERROR;
				CLANG_WARN_DOCUMENTATION_COMMENTS = YES;
				CLANG_WARN_EMPTY_BODY = YES;
				CLANG_WARN_ENUM_CONVERSION = YES;
				CLANG_WARN_INFINITE_RECURSION = YES;
				CLANG_WARN_INT_CONVERSION = YES;
				CLANG_WARN_NON_LITERAL_NULL_CONVERSION = YES;
				CLANG_WARN_OBJC_IMPLICIT_RETAIN_SELF = YES;
				CLANG_WARN_OBJC_LITERAL_CONVERSION = YES;
				CLANG_WARN_OBJC_ROOT_CLASS = YES_ERROR;
				CLANG_WARN_RANGE_LOOP_ANALYSIS = YES;
				CLANG_WARN_STRICT_PROTOTYPES = YES;
				CLANG_WARN_SUSPICIOUS_MOVE = YES;
				CLANG_WARN_UNGUARDED_AVAILABILITY = YES_AGGRESSIVE;
				CLANG_WARN_UNREACHABLE_CODE = YES;
				CLANG_WARN__DUPLICATE_METHOD_MATCH = YES;
				COPY_PHASE_STRIP = NO;
				DEBUG_INFORMATION_FORMAT = "dwarf-with-dsym";
				ENABLE_NS_ASSERTIONS = NO;
				ENABLE_STRICT_OBJC_MSGSEND = YES;
				GCC_C_LANGUAGE_STANDARD = gnu11;
				GCC_NO_COMMON_BLOCKS = YES;
				GCC_WARN_64_TO_32_BIT_CONVERSION = YES;
				GCC_WARN_ABOUT_RETURN_TYPE = YES_ERROR;
				GCC_WARN_UNDECLARED_SELECTOR = YES;
				GCC_WARN_UNINITIALIZED_AUTOS = YES_AGGRESSIVE;
				GCC_WARN_UNUSED_FUNCTION = YES;
				GCC_WARN_UNUSED_VARIABLE = YES;
				IPHONEOS_DEPLOYMENT_TARGET = 13.2;
				MTL_ENABLE_DEBUG_INFO = NO;
				MTL_FAST_MATH = YES;
				SDKROOT = iphoneos;
				SWIFT_COMPILATION_MODE = wholemodule;
				SWIFT_OPTIMIZATION_LEVEL = "-O";
				VALIDATE_PRODUCT = YES;
			};
			name = Release;
		};
		4E3FBB1724DD6FE600BD9AD3 /* Debug */ = {
			isa = XCBuildConfiguration;
			buildSettings = {
				ASSETCATALOG_COMPILER_APPICON_NAME = AppIcon;
				CODE_SIGN_STYLE = Automatic;
				DEVELOPMENT_TEAM = 2GN5ZRW9JM;
				INFOPLIST_FILE = TempAnimation/Info.plist;
				IPHONEOS_DEPLOYMENT_TARGET = 13.2;
				LD_RUNPATH_SEARCH_PATHS = (
					"$(inherited)",
					"@executable_path/Frameworks",
				);
				PRODUCT_BUNDLE_IDENTIFIER = Kurbatov.TempAnimation;
				PRODUCT_NAME = "$(TARGET_NAME)";
				SWIFT_VERSION = 5.0;
				TARGETED_DEVICE_FAMILY = "1,2";
			};
			name = Debug;
		};
		4E3FBB1824DD6FE600BD9AD3 /* Release */ = {
			isa = XCBuildConfiguration;
			buildSettings = {
				ASSETCATALOG_COMPILER_APPICON_NAME = AppIcon;
				CODE_SIGN_STYLE = Automatic;
				DEVELOPMENT_TEAM = 2GN5ZRW9JM;
				INFOPLIST_FILE = TempAnimation/Info.plist;
				IPHONEOS_DEPLOYMENT_TARGET = 13.2;
				LD_RUNPATH_SEARCH_PATHS = (
					"$(inherited)",
					"@executable_path/Frameworks",
				);
				PRODUCT_BUNDLE_IDENTIFIER = Kurbatov.TempAnimation;
				PRODUCT_NAME = "$(TARGET_NAME)";
				SWIFT_VERSION = 5.0;
				TARGETED_DEVICE_FAMILY = "1,2";
			};
			name = Release;
		};
/* End XCBuildConfiguration section */

/* Begin XCConfigurationList section */
		4E3FBAFD24DD6FE400BD9AD3 /* Build configuration list for PBXProject "TempAnimation" */ = {
			isa = XCConfigurationList;
			buildConfigurations = (
				4E3FBB1424DD6FE600BD9AD3 /* Debug */,
				4E3FBB1524DD6FE600BD9AD3 /* Release */,
			);
			defaultConfigurationIsVisible = 0;
			defaultConfigurationName = Release;
		};
		4E3FBB1624DD6FE600BD9AD3 /* Build configuration list for PBXNativeTarget "TempAnimation" */ = {
			isa = XCConfigurationList;
			buildConfigurations = (
				4E3FBB1724DD6FE600BD9AD3 /* Debug */,
				4E3FBB1824DD6FE600BD9AD3 /* Release */,
			);
			defaultConfigurationIsVisible = 0;
			defaultConfigurationName = Release;
		};
/* End XCConfigurationList section */
	};
	rootObject = 4E3FBAFA24DD6FE400BD9AD3 /* Project object */;
}
